
Microsoft Visual Studio Solution File, Format Version 12.00
# Visual Studio Version 17
VisualStudioVersion = 17.8.0.0
MinimumVisualStudioVersion = 10.0.40219.1
Project("{FAE04EC0-301F-11D3-BF4B-00C04F79EFBC}") = "DotnetMicroOrm", "DotnetMicroOrm.csproj", "{A5C58B18-72E2-442A-8D56-2AB2D3063FFF}"
EndProject
Global
	GlobalSection(SolutionConfigurationPlatforms) = preSolution
		Debug|Any CPU = Debug|Any CPU
		Release|Any CPU = Release|Any CPU
	EndGlobalSection
	GlobalSection(ProjectConfigurationPlatforms) = postSolution
		{A5C58B18-72E2-442A-8D56-2AB2D3063FFF}.Debug|Any CPU.ActiveCfg = Debug|Any CPU
		{A5C58B18-72E2-442A-8D56-2AB2D3063FFF}.Debug|Any CPU.Build.0 = Debug|Any CPU
		{A5C58B18-72E2-442A-8D56-2AB2D3063FFF}.Release|Any CPU.ActiveCfg = Release|Any CPU
		{A5C58B18-72E2-442A-8D56-2AB2D3063FFF}.Release|Any CPU.Build.0 = Release|Any CPU
	EndGlobalSection
	GlobalSection(SolutionProperties) = preSolution
		HideSolution = False
	EndGlobalSection
	GlobalSection(ExtensibilityGlobals) = postSolution
		SolutionGuid = {BE4F9597-BA5D-4FF0-BBF1-7E632DD728C6}
	EndGlobalSection
EndGlobal
